<?xml version="1.0" encoding="utf-8"?>
<Project ToolsVersion="4.0" xmlns="http://schemas.microsoft.com/developer/msbuild/2003">
  <ItemGroup>
    <Filter Include="Source Files">
      <UniqueIdentifier>{4FC737F1-C7A5-4376-A066-2A32D752A2FF}</UniqueIdentifier>
      <Extensions>cpp;c;cc;cxx;def;odl;idl;hpj;bat;asm;asmx</Extensions>
    </Filter>
    <Filter Include="Header Files">
      <UniqueIdentifier>{93995380-89BD-4b04-88EB-625FBE52EBFB}</UniqueIdentifier>
      <Extensions>h;hh;hpp;hxx;hm;inl;inc;xsd</Extensions>
    </Filter>
    <Filter Include="Resource Files">
      <UniqueIdentifier>{67DA6AB6-F800-4c08-8B7A-83BB121AAD01}</UniqueIdentifier>
      <Extensions>rc;ico;cur;bmp;dlg;rc2;rct;bin;rgs;gif;jpg;jpeg;jpe;resx;tiff;tif;png;wav;mfcribbon-ms</Extensions>
    </Filter>
    <Filter Include="Header Files\Numeric">
      <UniqueIdentifier>{fed640af-adc9-496c-bb5d-c780960bbab3}</UniqueIdentifier>
    </Filter>
    <Filter Include="Header Files\Base">
      <UniqueIdentifier>{448fb759-59e5-4fd0-95f6-7c299f110a7a}</UniqueIdentifier>
    </Filter>
    <Filter Include="Header Files\Operations">
      <UniqueIdentifier>{d81c3ec6-232d-4ded-8eb4-da3234835431}</UniqueIdentifier>
    </Filter>
    <Filter Include="Header Files\Generators">
      <UniqueIdentifier>{770dc5a4-dd84-43db-a7b2-0922af7bcc47}</UniqueIdentifier>
    </Filter>
    <Filter Include="Header Files\Interface">
      <UniqueIdentifier>{053ae07f-abf8-436f-8898-d18cb4043bbc}</UniqueIdentifier>
    </Filter>
    <Filter Include="Header Files\Interface\TextInterface">
      <UniqueIdentifier>{c99e4403-28c3-4ce8-86cf-c9148bf6f429}</UniqueIdentifier>
    </Filter>
    <Filter Include="Header Files\Reconstructors">
      <UniqueIdentifier>{66285a92-7572-44f0-98c3-4fec47efdc04}</UniqueIdentifier>
    </Filter>
  </ItemGroup>
  <ItemGroup>
    <ClInclude Include="Real.h">
      <Filter>Header Files\Numeric</Filter>
    </ClInclude>
    <ClInclude Include="Complex.h">
      <Filter>Header Files\Numeric</Filter>
    </ClInclude>
    <ClInclude Include="INumber.h">
      <Filter>Header Files\Numeric</Filter>
    </ClInclude>
    <ClInclude Include="Number.h">
      <Filter>Header Files\Numeric</Filter>
    </ClInclude>
    <ClInclude Include="Operation.h">
      <Filter>Header Files\Base</Filter>
    </ClInclude>
    <ClInclude Include="Containers.h">
      <Filter>Header Files\Base</Filter>
    </ClInclude>
    <ClInclude Include="Sum.h">
      <Filter>Header Files\Operations</Filter>
    </ClInclude>
    <ClInclude Include="OperationOwner.h">
      <Filter>Header Files\Base</Filter>
    </ClInclude>
    <ClInclude Include="Sampler.h">
      <Filter>Header Files\Base</Filter>
    </ClInclude>
    <ClInclude Include="Generator.h">
      <Filter>Header Files\Base</Filter>
    </ClInclude>
    <ClInclude Include="Sinus.h">
      <Filter>Header Files\Generators</Filter>
    </ClInclude>
    <ClInclude Include="Serializable.h">
      <Filter>Header Files\Base</Filter>
    </ClInclude>
    <ClInclude Include="Linear.h">
      <Filter>Header Files\Generators</Filter>
    </ClInclude>
    <ClInclude Include="SinusFlat.h">
      <Filter>Header Files\Generators</Filter>
    </ClInclude>
    <ClInclude Include="SinusPositive.h">
      <Filter>Header Files\Generators</Filter>
    </ClInclude>
    <ClInclude Include="Square.h">
      <Filter>Header Files\Generators</Filter>
    </ClInclude>
    <ClInclude Include="Triangle.h">
      <Filter>Header Files\Generators</Filter>
    </ClInclude>
    <ClInclude Include="Step.h">
      <Filter>Header Files\Generators</Filter>
    </ClInclude>
    <ClInclude Include="RandUniform.h">
      <Filter>Header Files\Generators</Filter>
    </ClInclude>
    <ClInclude Include="RandNormal.h">
      <Filter>Header Files\Generators</Filter>
    </ClInclude>
    <ClInclude Include="Subtract.h">
      <Filter>Header Files\Operations</Filter>
    </ClInclude>
    <ClInclude Include="Multiply.h">
      <Filter>Header Files\Operations</Filter>
    </ClInclude>
    <ClInclude Include="Divide.h">
      <Filter>Header Files\Operations</Filter>
    </ClInclude>
    <ClInclude Include="IOutput.h">
      <Filter>Header Files\Base</Filter>
    </ClInclude>
    <ClInclude Include="Impulse.h">
      <Filter>Header Files\Generators</Filter>
    </ClInclude>
    <ClInclude Include="ImpulseNoise.h">
      <Filter>Header Files\Generators</Filter>
    </ClInclude>
    <ClInclude Include="FromFile.h">
      <Filter>Header Files\Generators</Filter>
    </ClInclude>
    <ClInclude Include="Average.h">
      <Filter>Header Files\Operations</Filter>
    </ClInclude>
    <ClInclude Include="RMS.h">
      <Filter>Header Files\Operations</Filter>
    </ClInclude>
    <ClInclude Include="AverageMod.h">
      <Filter>Header Files\Operations</Filter>
    </ClInclude>
    <ClInclude Include="Power.h">
      <Filter>Header Files\Operations</Filter>
    </ClInclude>
    <ClInclude Include="Variance.h">
      <Filter>Header Files\Operations</Filter>
    </ClInclude>
    <ClInclude Include="Histogram.h">
      <Filter>Header Files\Operations</Filter>
    </ClInclude>
    <ClInclude Include="ToFile.h">
      <Filter>Header Files\Operations</Filter>
    </ClInclude>
    <ClInclude Include="TextFactory.h">
      <Filter>Header Files\Interface\TextInterface</Filter>
    </ClInclude>
    <ClInclude Include="SinCreator.h">
      <Filter>Header Files\Interface\TextInterface</Filter>
    </ClInclude>
    <ClInclude Include="InputParser.h">
      <Filter>Header Files\Interface\TextInterface</Filter>
    </ClInclude>
    <ClInclude Include="SamplerCreator.h">
      <Filter>Header Files\Interface\TextInterface</Filter>
    </ClInclude>
    <ClInclude Include="Reconstructor.h">
      <Filter>Header Files\Base</Filter>
    </ClInclude>
    <ClInclude Include="ReconstructZeroOrder.h">
      <Filter>Header Files\Reconstructors</Filter>
    </ClInclude>
    <ClInclude Include="SignalSampler.h">
      <Filter>Header Files\Operations</Filter>
    </ClInclude>
    <ClInclude Include="ReconstructFirstOrder.h">
      <Filter>Header Files\Reconstructors</Filter>
    </ClInclude>
    <ClInclude Include="QuantizeCut.h">
      <Filter>Header Files\Operations</Filter>
    </ClInclude>
    <ClInclude Include="QuantizeTreshold.h">
      <Filter>Header Files\Operations</Filter>
    </ClInclude>
    <ClInclude Include="ReconstructSinc.h">
      <Filter>Header Files\Reconstructors</Filter>
    </ClInclude>
    <ClInclude Include="MSE.h">
      <Filter>Header Files\Operations</Filter>
    </ClInclude>
    <ClInclude Include="SNR.h">
      <Filter>Header Files\Operations</Filter>
    </ClInclude>
    <ClInclude Include="MD.h">
      <Filter>Header Files\Operations</Filter>
    </ClInclude>
    <ClInclude Include="PSNR.h">
      <Filter>Header Files\Operations</Filter>
    </ClInclude>
    <ClInclude Include="Convolution.h">
      <Filter>Header Files\Operations</Filter>
    </ClInclude>
    <ClInclude Include="Correlation.h">
      <Filter>Header Files\Operations</Filter>
    </ClInclude>
    <ClInclude Include="Filter.h">
      <Filter>Header Files\Operations</Filter>
    </ClInclude>
    <ClInclude Include="DFT.h">
      <Filter>Header Files\Operations</Filter>
    </ClInclude>
    <ClInclude Include="IDFT.h">
      <Filter>Header Files\Operations</Filter>
    </ClInclude>
    <ClInclude Include="FFT_DIT.h">
      <Filter>Header Files\Operations</Filter>
    </ClInclude>
    <ClInclude Include="FFT_DIF.h">
      <Filter>Header Files\Operations</Filter>
    </ClInclude>
    <ClInclude Include="DCTII.h">
      <Filter>Header Files\Operations</Filter>
    </ClInclude>
    <ClInclude Include="IDCTII.h">
      <Filter>Header Files\Operations</Filter>
    </ClInclude>
    <ClInclude Include="FDCTII.h">
      <Filter>Header Files\Operations</Filter>
    </ClInclude>
  </ItemGroup>
  <ItemGroup>
    <ClCompile Include="Source.cpp">
      <Filter>Source Files</Filter>
    </ClCompile>
  </ItemGroup>
</Project>